
Microsoft Visual Studio Solution File, Format Version 12.00
# Visual Studio Version 17
VisualStudioVersion = 17.4.33403.182
MinimumVisualStudioVersion = 10.0.40219.1
Project("{FAE04EC0-301F-11D3-BF4B-00C04F79EFBC}") = "NoteTakingApp", "NoteTakingApp\NoteTakingApp.csproj", "{FC22ABF3-B951-4094-A7B1-911027030677}"
EndProject
Global
	GlobalSection(SolutionConfigurationPlatforms) = preSolution
		Debug|Any CPU = Debug|Any CPU
		Release|Any CPU = Release|Any CPU
	EndGlobalSection
	GlobalSection(ProjectConfigurationPlatforms) = postSolution
		{FC22ABF3-B951-4094-A7B1-911027030677}.Debug|Any CPU.ActiveCfg = Debug|Any CPU
		{FC22ABF3-B951-4094-A7B1-911027030677}.Debug|Any CPU.Build.0 = Debug|Any CPU
		{FC22ABF3-B951-4094-A7B1-911027030677}.Release|Any CPU.ActiveCfg = Release|Any CPU
		{FC22ABF3-B951-4094-A7B1-911027030677}.Release|Any CPU.Build.0 = Release|Any CPU
	EndGlobalSection
	GlobalSection(SolutionProperties) = preSolution
		HideSolutionNode = FALSE
	EndGlobalSection
	GlobalSection(ExtensibilityGlobals) = postSolution
		SolutionGuid = {B855DF2F-86FD-49BF-AA5E-6184DD464107}
	EndGlobalSection
EndGlobal
